// !$*UTF8*$!
{
	archiveVersion = 1;
	classes = {
	};
	objectVersion = 46;
	objects = {

/* Begin PBXBuildFile section */
		A48734A2197220AB00C0210D /* AppDelegate.swift in Sources */ = {isa = PBXBuildFile; fileRef = A48734A1197220AB00C0210D /* AppDelegate.swift */; };
		A48734A4197220AB00C0210D /* ViewController.swift in Sources */ = {isa = PBXBuildFile; fileRef = A48734A3197220AB00C0210D /* ViewController.swift */; };
		A48734A7197220AB00C0210D /* Main.storyboard in Resources */ = {isa = PBXBuildFile; fileRef = A48734A5197220AB00C0210D /* Main.storyboard */; };
		A48734A9197220AB00C0210D /* Images.xcassets in Resources */ = {isa = PBXBuildFile; fileRef = A48734A8197220AB00C0210D /* Images.xcassets */; };
		A48734B5197220AC00C0210D /* swift_news_applicationTests.swift in Sources */ = {isa = PBXBuildFile; fileRef = A48734B4197220AC00C0210D /* swift_news_applicationTests.swift */; };
/* End PBXBuildFile section */

/* Begin PBXContainerItemProxy section */
		A48734AF197220AC00C0210D /* PBXContainerItemProxy */ = {
			isa = PBXContainerItemProxy;
			containerPortal = A4873494197220AB00C0210D /* Project object */;
			proxyType = 1;
			remoteGlobalIDString = A487349B197220AB00C0210D;
			remoteInfo = "swift-news-application";
		};
/* End PBXContainerItemProxy section */

/* Begin PBXFileReference section */
		A487349C197220AB00C0210D /* swift-news-application.app */ = {isa = PBXFileReference; explicitFileType = wrapper.application; includeInIndex = 0; path = "swift-news-application.app"; sourceTree = BUILT_PRODUCTS_DIR; };
		A48734A0197220AB00C0210D /* Info.plist */ = {isa = PBXFileReference; lastKnownFileType = text.plist.xml; path = Info.plist; sourceTree = "<group>"; };
		A48734A1197220AB00C0210D /* AppDelegate.swift */ = {isa = PBXFileReference; lastKnownFileType = sourcecode.swift; path = AppDelegate.swift; sourceTree = "<group>"; };
		A48734A3197220AB00C0210D /* ViewController.swift */ = {isa = PBXFileReference; lastKnownFileType = sourcecode.swift; path = ViewController.swift; sourceTree = "<group>"; };
		A48734A6197220AB00C0210D /* Base */ = {isa = PBXFileReference; lastKnownFileType = file.storyboard; name = Base; path = Base.lproj/Main.storyboard; sourceTree = "<group>"; };
		A48734A8197220AB00C0210D /* Images.xcassets */ = {isa = PBXFileReference; lastKnownFileType = folder.assetcatalog; path = Images.xcassets; sourceTree = "<group>"; };
		A48734AE197220AC00C0210D /* swift-news-applicationTests.xctest */ = {isa = PBXFileReference; explicitFileType = wrapper.cfbundle; includeInIndex = 0; path = "swift-news-applicationTests.xctest"; sourceTree = BUILT_PRODUCTS_DIR; };
		A48734B3197220AC00C0210D /* Info.plist */ = {isa = PBXFileReference; lastKnownFileType = text.plist.xml; path = Info.plist; sourceTree = "<group>"; };
		A48734B4197220AC00C0210D /* swift_news_applicationTests.swift */ = {isa = PBXFileReference; lastKnownFileType = sourcecode.swift; path = swift_news_applicationTests.swift; sourceTree = "<group>"; };
/* End PBXFileReference section */

/* Begin PBXFrameworksBuildPhase section */
		A4873499197220AB00C0210D /* Frameworks */ = {
			isa = PBXFrameworksBuildPhase;
			buildActionMask = 2147483647;
			files = (
			);
			runOnlyForDeploymentPostprocessing = 0;
		};
		A48734AB197220AC00C0210D /* Frameworks */ = {
			isa = PBXFrameworksBuildPhase;
			buildActionMask = 2147483647;
			files = (
			);
			runOnlyForDeploymentPostprocessing = 0;
		};
/* End PBXFrameworksBuildPhase section */

/* Begin PBXGroup section */
		A4873493197220AB00C0210D = {
			isa = PBXGroup;
			children = (
				A487349E197220AB00C0210D /* swift-news-application */,
				A48734B1197220AC00C0210D /* swift-news-applicationTests */,
				A487349D197220AB00C0210D /* Products */,
			);
			sourceTree = "<group>";
		};
		A487349D197220AB00C0210D /* Products */ = {
			isa = PBXGroup;
			children = (
				A487349C197220AB00C0210D /* swift-news-application.app */,
				A48734AE197220AC00C0210D /* swift-news-applicationTests.xctest */,
			);
			name = Products;
			sourceTree = "<group>";
		};
		A487349E197220AB00C0210D /* swift-news-application */ = {
			isa = PBXGroup;
			children = (
				A48734A1197220AB00C0210D /* AppDelegate.swift */,
				A48734A3197220AB00C0210D /* ViewController.swift */,
				A48734A5197220AB00C0210D /* Main.storyboard */,
				A48734A8197220AB00C0210D /* Images.xcassets */,
				A487349F197220AB00C0210D /* Supporting Files */,
			);
			path = "swift-news-application";
			sourceTree = "<group>";
		};
		A487349F197220AB00C0210D /* Supporting Files */ = {
			isa = PBXGroup;
			children = (
				A48734A0197220AB00C0210D /* Info.plist */,
			);
			name = "Supporting Files";
			sourceTree = "<group>";
		};
		A48734B1197220AC00C0210D /* swift-news-applicationTests */ = {
			isa = PBXGroup;
			children = (
				A48734B4197220AC00C0210D /* swift_news_applicationTests.swift */,
				A48734B2197220AC00C0210D /* Supporting Files */,
			);
			path = "swift-news-applicationTests";
			sourceTree = "<group>";
		};
		A48734B2197220AC00C0210D /* Supporting Files */ = {
			isa = PBXGroup;
			children = (
				A48734B3197220AC00C0210D /* Info.plist */,
			);
			name = "Supporting Files";
			sourceTree = "<group>";
		};
/* End PBXGroup section */

/* Begin PBXNativeTarget section */
		A487349B197220AB00C0210D /* swift-news-application */ = {
			isa = PBXNativeTarget;
			buildConfigurationList = A48734B8197220AC00C0210D /* Build configuration list for PBXNativeTarget "swift-news-application" */;
			buildPhases = (
				A4873498197220AB00C0210D /* Sources */,
				A4873499197220AB00C0210D /* Frameworks */,
				A487349A197220AB00C0210D /* Resources */,
			);
			buildRules = (
			);
			dependencies = (
			);
			name = "swift-news-application";
			productName = "swift-news-application";
			productReference = A487349C197220AB00C0210D /* swift-news-application.app */;
			productType = "com.apple.product-type.application";
		};
		A48734AD197220AC00C0210D /* swift-news-applicationTests */ = {
			isa = PBXNativeTarget;
			buildConfigurationList = A48734BB197220AC00C0210D /* Build configuration list for PBXNativeTarget "swift-news-applicationTests" */;
			buildPhases = (
				A48734AA197220AC00C0210D /* Sources */,
				A48734AB197220AC00C0210D /* Frameworks */,
				A48734AC197220AC00C0210D /* Resources */,
			);
			buildRules = (
			);
			dependencies = (
				A48734B0197220AC00C0210D /* PBXTargetDependency */,
			);
			name = "swift-news-applicationTests";
			productName = "swift-news-applicationTests";
			productReference = A48734AE197220AC00C0210D /* swift-news-applicationTests.xctest */;
			productType = "com.apple.product-type.bundle.unit-test";
		};
/* End PBXNativeTarget section */

/* Begin PBXProject section */
		A4873494197220AB00C0210D /* Project object */ = {
			isa = PBXProject;
			attributes = {
				LastUpgradeCheck = 0600;
				ORGANIZATIONNAME = kilhyungdoo;
				TargetAttributes = {
					A487349B197220AB00C0210D = {
						CreatedOnToolsVersion = 6.0;
					};
					A48734AD197220AC00C0210D = {
						CreatedOnToolsVersion = 6.0;
						TestTargetID = A487349B197220AB00C0210D;
					};
				};
			};
			buildConfigurationList = A4873497197220AB00C0210D /* Build configuration list for PBXProject "swift-news-application" */;
			compatibilityVersion = "Xcode 3.2";
			developmentRegion = English;
			hasScannedForEncodings = 0;
			knownRegions = (
				en,
				Base,
			);
			mainGroup = A4873493197220AB00C0210D;
			productRefGroup = A487349D197220AB00C0210D /* Products */;
			projectDirPath = "";
			projectRoot = "";
			targets = (
				A487349B197220AB00C0210D /* swift-news-application */,
				A48734AD197220AC00C0210D /* swift-news-applicationTests */,
			);
		};
/* End PBXProject section */

/* Begin PBXResourcesBuildPhase section */
		A487349A197220AB00C0210D /* Resources */ = {
			isa = PBXResourcesBuildPhase;
			buildActionMask = 2147483647;
			files = (
				A48734A7197220AB00C0210D /* Main.storyboard in Resources */,
				A48734A9197220AB00C0210D /* Images.xcassets in Resources */,
			);
			runOnlyForDeploymentPostprocessing = 0;
		};
		A48734AC197220AC00C0210D /* Resources */ = {
			isa = PBXResourcesBuildPhase;
			buildActionMask = 2147483647;
			files = (
			);
			runOnlyForDeploymentPostprocessing = 0;
		};
/* End PBXResourcesBuildPhase section */

/* Begin PBXSourcesBuildPhase section */
		A4873498197220AB00C0210D /* Sources */ = {
			isa = PBXSourcesBuildPhase;
			buildActionMask = 2147483647;
			files = (
				A48734A4197220AB00C0210D /* ViewController.swift in Sources */,
				A48734A2197220AB00C0210D /* AppDelegate.swift in Sources */,
			);
			runOnlyForDeploymentPostprocessing = 0;
		};
		A48734AA197220AC00C0210D /* Sources */ = {
			isa = PBXSourcesBuildPhase;
			buildActionMask = 2147483647;
			files = (
				A48734B5197220AC00C0210D /* swift_news_applicationTests.swift in Sources */,
			);
			runOnlyForDeploymentPostprocessing = 0;
		};
/* End PBXSourcesBuildPhase section */

/* Begin PBXTargetDependency section */
		A48734B0197220AC00C0210D /* PBXTargetDependency */ = {
			isa = PBXTargetDependency;
			target = A487349B197220AB00C0210D /* swift-news-application */;
			targetProxy = A48734AF197220AC00C0210D /* PBXContainerItemProxy */;
		};
/* End PBXTargetDependency section */

/* Begin PBXVariantGroup section */
		A48734A5197220AB00C0210D /* Main.storyboard */ = {
			isa = PBXVariantGroup;
			children = (
				A48734A6197220AB00C0210D /* Base */,
			);
			name = Main.storyboard;
			sourceTree = "<group>";
		};
/* End PBXVariantGroup section */

/* Begin XCBuildConfiguration section */
		A48734B6197220AC00C0210D /* Debug */ = {
			isa = XCBuildConfiguration;
			buildSettings = {
				ALWAYS_SEARCH_USER_PATHS = NO;
				CLANG_CXX_LANGUAGE_STANDARD = "gnu++0x";
				CLANG_CXX_LIBRARY = "libc++";
				CLANG_ENABLE_MODULES = YES;
				CLANG_ENABLE_OBJC_ARC = YES;
				CLANG_WARN_BOOL_CONVERSION = YES;
				CLANG_WARN_CONSTANT_CONVERSION = YES;
				CLANG_WARN_DIRECT_OBJC_ISA_USAGE = YES_ERROR;
				CLANG_WARN_EMPTY_BODY = YES;
				CLANG_WARN_ENUM_CONVERSION = YES;
				CLANG_WARN_INT_CONVERSION = YES;
				CLANG_WARN_OBJC_ROOT_CLASS = YES_ERROR;
				CLANG_WARN_UNREACHABLE_CODE = YES;
				CLANG_WARN__DUPLICATE_METHOD_MATCH = YES;
				"CODE_SIGN_IDENTITY[sdk=iphoneos*]" = "iPhone Developer";
				COPY_PHASE_STRIP = NO;
				ENABLE_STRICT_OBJC_MSGSEND = YES;
				GCC_C_LANGUAGE_STANDARD = gnu99;
				GCC_DYNAMIC_NO_PIC = NO;
				GCC_OPTIMIZATION_LEVEL = 0;
				GCC_PREPROCESSOR_DEFINITIONS = (
					"DEBUG=1",
					"$(inherited)",
				);
				GCC_SYMBOLS_PRIVATE_EXTERN = NO;
				GCC_WARN_64_TO_32_BIT_CONVERSION = YES;
				GCC_WARN_ABOUT_RETURN_TYPE = YES_ERROR;
				GCC_WARN_UNDECLARED_SELECTOR = YES;
				GCC_WARN_UNINITIALIZED_AUTOS = YES_AGGRESSIVE;
				GCC_WARN_UNUSED_FUNCTION = YES;
				GCC_WARN_UNUSED_VARIABLE = YES;
				IPHONEOS_DEPLOYMENT_TARGET = 8.0;
				METAL_ENABLE_DEBUG_INFO = YES;
				ONLY_ACTIVE_ARCH = YES;
				SDKROOT = iphoneos;
				SWIFT_OPTIMIZATION_LEVEL = "-Onone";
			};
			name = Debug;
		};
		A48734B7197220AC00C0210D /* Release */ = {
			isa = XCBuildConfiguration;
			buildSettings = {
				ALWAYS_SEARCH_USER_PATHS = NO;
				CLANG_CXX_LANGUAGE_STANDARD = "gnu++0x";
				CLANG_CXX_LIBRARY = "libc++";
				CLANG_ENABLE_MODULES = YES;
				CLANG_ENABLE_OBJC_ARC = YES;
				CLANG_WARN_BOOL_CONVERSION = YES;
				CLANG_WARN_CONSTANT_CONVERSION = YES;
				CLANG_WARN_DIRECT_OBJC_ISA_USAGE = YES_ERROR;
				CLANG_WARN_EMPTY_BODY = YES;
				CLANG_WARN_ENUM_CONVERSION = YES;
				CLANG_WARN_INT_CONVERSION = YES;
				CLANG_WARN_OBJC_ROOT_CLASS = YES_ERROR;
				CLANG_WARN_UNREACHABLE_CODE = YES;
				CLANG_WARN__DUPLICATE_METHOD_MATCH = YES;
				"CODE_SIGN_IDENTITY[sdk=iphoneos*]" = "iPhone Developer";
				COPY_PHASE_STRIP = YES;
				ENABLE_NS_ASSERTIONS = NO;
				ENABLE_STRICT_OBJC_MSGSEND = YES;
				GCC_C_LANGUAGE_STANDARD = gnu99;
				GCC_WARN_64_TO_32_BIT_CONVERSION = YES;
				GCC_WARN_ABOUT_RETURN_TYPE = YES_ERROR;
				GCC_WARN_UNDECLARED_SELECTOR = YES;
				GCC_WARN_UNINITIALIZED_AUTOS = YES_AGGRESSIVE;
				GCC_WARN_UNUSED_FUNCTION = YES;
				GCC_WARN_UNUSED_VARIABLE = YES;
				IPHONEOS_DEPLOYMENT_TARGET = 8.0;
				METAL_ENABLE_DEBUG_INFO = NO;
				SDKROOT = iphoneos;
				VALIDATE_PRODUCT = YES;
			};
			name = Release;
		};
		A48734B9197220AC00C0210D /* Debug */ = {
			isa = XCBuildConfiguration;
			buildSettings = {
				ASSETCATALOG_COMPILER_APPICON_NAME = AppIcon;
				ASSETCATALOG_COMPILER_LAUNCHIMAGE_NAME = LaunchImage;
				INFOPLIST_FILE = "swift-news-application/Info.plist";
				LD_RUNPATH_SEARCH_PATHS = "$(inherited) @executable_path/Frameworks";
				PRODUCT_NAME = "$(TARGET_NAME)";
			};
			name = Debug;
		};
		A48734BA197220AC00C0210D /* Release */ = {
			isa = XCBuildConfiguration;
			buildSettings = {
				ASSETCATALOG_COMPILER_APPICON_NAME = AppIcon;
				ASSETCATALOG_COMPILER_LAUNCHIMAGE_NAME = LaunchImage;
				INFOPLIST_FILE = "swift-news-application/Info.plist";
				LD_RUNPATH_SEARCH_PATHS = "$(inherited) @executable_path/Frameworks";
				PRODUCT_NAME = "$(TARGET_NAME)";
			};
			name = Release;
		};
		A48734BC197220AC00C0210D /* Debug */ = {
			isa = XCBuildConfiguration;
			buildSettings = {
				BUNDLE_LOADER = "$(BUILT_PRODUCTS_DIR)/swift-news-application.app/swift-news-application";
				FRAMEWORK_SEARCH_PATHS = (
					"$(SDKROOT)/Developer/Library/Frameworks",
					"$(inherited)",
				);
				GCC_PREPROCESSOR_DEFINITIONS = (
					"DEBUG=1",
					"$(inherited)",
				);
				INFOPLIST_FILE = "swift-news-applicationTests/Info.plist";
				LD_RUNPATH_SEARCH_PATHS = "$(inherited) @executable_path/Frameworks @loader_path/Frameworks";
				METAL_ENABLE_DEBUG_INFO = YES;
				PRODUCT_NAME = "$(TARGET_NAME)";
				TEST_HOST = "$(BUNDLE_LOADER)";
			};
			name = Debug;
		};
		A48734BD197220AC00C0210D /* Release */ = {
			isa = XCBuildConfiguration;
			buildSettings = {
				BUNDLE_LOADER = "$(BUILT_PRODUCTS_DIR)/swift-news-application.app/swift-news-application";
				FRAMEWORK_SEARCH_PATHS = (
					"$(SDKROOT)/Developer/Library/Frameworks",
					"$(inherited)",
				);
				INFOPLIST_FILE = "swift-news-applicationTests/Info.plist";
				LD_RUNPATH_SEARCH_PATHS = "$(inherited) @executable_path/Frameworks @loader_path/Frameworks";
				METAL_ENABLE_DEBUG_INFO = NO;
				PRODUCT_NAME = "$(TARGET_NAME)";
				TEST_HOST = "$(BUNDLE_LOADER)";
			};
			name = Release;
		};
/* End XCBuildConfiguration section */

/* Begin XCConfigurationList section */
		A4873497197220AB00C0210D /* Build configuration list for PBXProject "swift-news-application" */ = {
			isa = XCConfigurationList;
			buildConfigurations = (
				A48734B6197220AC00C0210D /* Debug */,
				A48734B7197220AC00C0210D /* Release */,
			);
			defaultConfigurationIsVisible = 0;
			defaultConfigurationName = Release;
		};
		A48734B8197220AC00C0210D /* Build configuration list for PBXNativeTarget "swift-news-application" */ = {
			isa = XCConfigurationList;
			buildConfigurations = (
				A48734B9197220AC00C0210D /* Debug */,
				A48734BA197220AC00C0210D /* Release */,
			);
			defaultConfigurationIsVisible = 0;
			defaultConfigurationName = Release;
		};
		A48734BB197220AC00C0210D /* Build configuration list for PBXNativeTarget "swift-news-applicationTests" */ = {
			isa = XCConfigurationList;
			buildConfigurations = (
				A48734BC197220AC00C0210D /* Debug */,
				A48734BD197220AC00C0210D /* Release */,
			);
			defaultConfigurationIsVisible = 0;
			defaultConfigurationName = Release;
		};
/* End XCConfigurationList section */
	};
	rootObject = A4873494197220AB00C0210D /* Project object */;
}
